
Microsoft Visual Studio Solution File, Format Version 12.00
Project("{FAE04EC0-301F-11D3-BF4B-00C04F79EFBC}") = "NLE.Worker", "src\NLE.Worker\NLE.Worker.csproj", "{6BB55ECE-B212-4738-8DE7-F76B37CFBE7B}"
EndProject
Project("{FAE04EC0-301F-11D3-BF4B-00C04F79EFBC}") = "NLE.Test", "src\NLE.Test\NLE.Test.csproj", "{3A7D79B5-F25F-468B-AB53-19F9AC1BC188}"
EndProject
Project("{FAE04EC0-301F-11D3-BF4B-00C04F79EFBC}") = "NLE.Shared", "src\NLE.Shared\NLE.Shared.csproj", "{FDDD01CE-F012-4CD1-B609-8446A567C398}"
EndProject
Project("{FAE04EC0-301F-11D3-BF4B-00C04F79EFBC}") = "NLE.Domain", "src\NLE.Domain\NLE.Domain.csproj", "{21577C79-4ACA-4E71-AAC0-98D70ED03A60}"
EndProject
Project("{FAE04EC0-301F-11D3-BF4B-00C04F79EFBC}") = "NLE.Application", "src\NLE.Application\NLE.Application.csproj", "{6B6189D2-D0FA-444E-869A-6DAE7553DF6B}"
EndProject
Project("{FAE04EC0-301F-11D3-BF4B-00C04F79EFBC}") = "NLE.Persistence", "src\NLE.Persistence\NLE.Persistence.csproj", "{DCF9AF30-7E11-438E-BFAC-FA317F6318E1}"
EndProject
Global
	GlobalSection(SolutionConfigurationPlatforms) = preSolution
		Debug|Any CPU = Debug|Any CPU
		Release|Any CPU = Release|Any CPU
	EndGlobalSection
	GlobalSection(ProjectConfigurationPlatforms) = postSolution
		{6BB55ECE-B212-4738-8DE7-F76B37CFBE7B}.Debug|Any CPU.ActiveCfg = Debug|Any CPU
		{6BB55ECE-B212-4738-8DE7-F76B37CFBE7B}.Debug|Any CPU.Build.0 = Debug|Any CPU
		{6BB55ECE-B212-4738-8DE7-F76B37CFBE7B}.Release|Any CPU.ActiveCfg = Release|Any CPU
		{6BB55ECE-B212-4738-8DE7-F76B37CFBE7B}.Release|Any CPU.Build.0 = Release|Any CPU
		{3A7D79B5-F25F-468B-AB53-19F9AC1BC188}.Debug|Any CPU.ActiveCfg = Debug|Any CPU
		{3A7D79B5-F25F-468B-AB53-19F9AC1BC188}.Debug|Any CPU.Build.0 = Debug|Any CPU
		{3A7D79B5-F25F-468B-AB53-19F9AC1BC188}.Release|Any CPU.ActiveCfg = Release|Any CPU
		{3A7D79B5-F25F-468B-AB53-19F9AC1BC188}.Release|Any CPU.Build.0 = Release|Any CPU
		{FDDD01CE-F012-4CD1-B609-8446A567C398}.Debug|Any CPU.ActiveCfg = Debug|Any CPU
		{FDDD01CE-F012-4CD1-B609-8446A567C398}.Debug|Any CPU.Build.0 = Debug|Any CPU
		{FDDD01CE-F012-4CD1-B609-8446A567C398}.Release|Any CPU.ActiveCfg = Release|Any CPU
		{FDDD01CE-F012-4CD1-B609-8446A567C398}.Release|Any CPU.Build.0 = Release|Any CPU
		{21577C79-4ACA-4E71-AAC0-98D70ED03A60}.Debug|Any CPU.ActiveCfg = Debug|Any CPU
		{21577C79-4ACA-4E71-AAC0-98D70ED03A60}.Debug|Any CPU.Build.0 = Debug|Any CPU
		{21577C79-4ACA-4E71-AAC0-98D70ED03A60}.Release|Any CPU.ActiveCfg = Release|Any CPU
		{21577C79-4ACA-4E71-AAC0-98D70ED03A60}.Release|Any CPU.Build.0 = Release|Any CPU
		{6B6189D2-D0FA-444E-869A-6DAE7553DF6B}.Debug|Any CPU.ActiveCfg = Debug|Any CPU
		{6B6189D2-D0FA-444E-869A-6DAE7553DF6B}.Debug|Any CPU.Build.0 = Debug|Any CPU
		{6B6189D2-D0FA-444E-869A-6DAE7553DF6B}.Release|Any CPU.ActiveCfg = Release|Any CPU
		{6B6189D2-D0FA-444E-869A-6DAE7553DF6B}.Release|Any CPU.Build.0 = Release|Any CPU
		{DCF9AF30-7E11-438E-BFAC-FA317F6318E1}.Debug|Any CPU.ActiveCfg = Debug|Any CPU
		{DCF9AF30-7E11-438E-BFAC-FA317F6318E1}.Debug|Any CPU.Build.0 = Debug|Any CPU
		{DCF9AF30-7E11-438E-BFAC-FA317F6318E1}.Release|Any CPU.ActiveCfg = Release|Any CPU
		{DCF9AF30-7E11-438E-BFAC-FA317F6318E1}.Release|Any CPU.Build.0 = Release|Any CPU
	EndGlobalSection
EndGlobal
